// !$*UTF8*$!
{
	archiveVersion = 1;
	classes = {
	};
	objectVersion = 55;
	objects = {

/* Begin PBXBuildFile section */
		824F5B4029BC8F99005E25E4 /* SectionHeader.xib in Resources */ = {isa = PBXBuildFile; fileRef = 824F5B3F29BC8F99005E25E4 /* SectionHeader.xib */; };
		824F5B4629BD7DF0005E25E4 /* SectionHeader.swift in Sources */ = {isa = PBXBuildFile; fileRef = 824F5B4529BD7DF0005E25E4 /* SectionHeader.swift */; };
		82D0CBD129AFD2BD0033E683 /* AppDelegate.swift in Sources */ = {isa = PBXBuildFile; fileRef = 82D0CBD029AFD2BD0033E683 /* AppDelegate.swift */; };
		82D0CBD329AFD2BD0033E683 /* SceneDelegate.swift in Sources */ = {isa = PBXBuildFile; fileRef = 82D0CBD229AFD2BD0033E683 /* SceneDelegate.swift */; };
		82D0CBD529AFD2BD0033E683 /* ViewController.swift in Sources */ = {isa = PBXBuildFile; fileRef = 82D0CBD429AFD2BD0033E683 /* ViewController.swift */; };
		82D0CBD829AFD2BD0033E683 /* Main.storyboard in Resources */ = {isa = PBXBuildFile; fileRef = 82D0CBD629AFD2BD0033E683 /* Main.storyboard */; };
		82D0CBDA29AFD2BF0033E683 /* Assets.xcassets in Resources */ = {isa = PBXBuildFile; fileRef = 82D0CBD929AFD2BF0033E683 /* Assets.xcassets */; };
		82D0CBDD29AFD2BF0033E683 /* LaunchScreen.storyboard in Resources */ = {isa = PBXBuildFile; fileRef = 82D0CBDB29AFD2BF0033E683 /* LaunchScreen.storyboard */; };
		82D0CBE829AFD2BF0033E683 /* ComplexCollectionViewTests.swift in Sources */ = {isa = PBXBuildFile; fileRef = 82D0CBE729AFD2BF0033E683 /* ComplexCollectionViewTests.swift */; };
		82D0CBF229AFD2BF0033E683 /* ComplexCollectionViewUITests.swift in Sources */ = {isa = PBXBuildFile; fileRef = 82D0CBF129AFD2BF0033E683 /* ComplexCollectionViewUITests.swift */; };
		82D0CBF429AFD2BF0033E683 /* ComplexCollectionViewUITestsLaunchTests.swift in Sources */ = {isa = PBXBuildFile; fileRef = 82D0CBF329AFD2BF0033E683 /* ComplexCollectionViewUITestsLaunchTests.swift */; };
		82D0CC0229AFD4430033E683 /* BiographyCVC.swift in Sources */ = {isa = PBXBuildFile; fileRef = 82D0CC0029AFD4430033E683 /* BiographyCVC.swift */; };
		82D0CC0329AFD4430033E683 /* BiographyCVC.xib in Resources */ = {isa = PBXBuildFile; fileRef = 82D0CC0129AFD4430033E683 /* BiographyCVC.xib */; };
		82D0CC0629AFD6900033E683 /* AboutInfoCell.swift in Sources */ = {isa = PBXBuildFile; fileRef = 82D0CC0429AFD6900033E683 /* AboutInfoCell.swift */; };
		82D0CC0729AFD6900033E683 /* AboutInfoCell.xib in Resources */ = {isa = PBXBuildFile; fileRef = 82D0CC0529AFD6900033E683 /* AboutInfoCell.xib */; };
		82D0CC0A29AFDA030033E683 /* NestedCollectionCVC.swift in Sources */ = {isa = PBXBuildFile; fileRef = 82D0CC0829AFDA030033E683 /* NestedCollectionCVC.swift */; };
		82D0CC0B29AFDA030033E683 /* NestedCollectionCVC.xib in Resources */ = {isa = PBXBuildFile; fileRef = 82D0CC0929AFDA030033E683 /* NestedCollectionCVC.xib */; };
/* End PBXBuildFile section */

/* Begin PBXContainerItemProxy section */
		82D0CBE429AFD2BF0033E683 /* PBXContainerItemProxy */ = {
			isa = PBXContainerItemProxy;
			containerPortal = 82D0CBC529AFD2BD0033E683 /* Project object */;
			proxyType = 1;
			remoteGlobalIDString = 82D0CBCC29AFD2BD0033E683;
			remoteInfo = ComplexCollectionView;
		};
		82D0CBEE29AFD2BF0033E683 /* PBXContainerItemProxy */ = {
			isa = PBXContainerItemProxy;
			containerPortal = 82D0CBC529AFD2BD0033E683 /* Project object */;
			proxyType = 1;
			remoteGlobalIDString = 82D0CBCC29AFD2BD0033E683;
			remoteInfo = ComplexCollectionView;
		};
/* End PBXContainerItemProxy section */

/* Begin PBXFileReference section */
		824F5B3F29BC8F99005E25E4 /* SectionHeader.xib */ = {isa = PBXFileReference; lastKnownFileType = file.xib; path = SectionHeader.xib; sourceTree = "<group>"; };
		824F5B4529BD7DF0005E25E4 /* SectionHeader.swift */ = {isa = PBXFileReference; lastKnownFileType = sourcecode.swift; path = SectionHeader.swift; sourceTree = "<group>"; };
		82D0CBCD29AFD2BD0033E683 /* ComplexCollectionView.app */ = {isa = PBXFileReference; explicitFileType = wrapper.application; includeInIndex = 0; path = ComplexCollectionView.app; sourceTree = BUILT_PRODUCTS_DIR; };
		82D0CBD029AFD2BD0033E683 /* AppDelegate.swift */ = {isa = PBXFileReference; lastKnownFileType = sourcecode.swift; path = AppDelegate.swift; sourceTree = "<group>"; };
		82D0CBD229AFD2BD0033E683 /* SceneDelegate.swift */ = {isa = PBXFileReference; lastKnownFileType = sourcecode.swift; path = SceneDelegate.swift; sourceTree = "<group>"; };
		82D0CBD429AFD2BD0033E683 /* ViewController.swift */ = {isa = PBXFileReference; lastKnownFileType = sourcecode.swift; path = ViewController.swift; sourceTree = "<group>"; };
		82D0CBD729AFD2BD0033E683 /* Base */ = {isa = PBXFileReference; lastKnownFileType = file.storyboard; name = Base; path = Base.lproj/Main.storyboard; sourceTree = "<group>"; };
		82D0CBD929AFD2BF0033E683 /* Assets.xcassets */ = {isa = PBXFileReference; lastKnownFileType = folder.assetcatalog; path = Assets.xcassets; sourceTree = "<group>"; };
		82D0CBDC29AFD2BF0033E683 /* Base */ = {isa = PBXFileReference; lastKnownFileType = file.storyboard; name = Base; path = Base.lproj/LaunchScreen.storyboard; sourceTree = "<group>"; };
		82D0CBDE29AFD2BF0033E683 /* Info.plist */ = {isa = PBXFileReference; lastKnownFileType = text.plist.xml; path = Info.plist; sourceTree = "<group>"; };
		82D0CBE329AFD2BF0033E683 /* ComplexCollectionViewTests.xctest */ = {isa = PBXFileReference; explicitFileType = wrapper.cfbundle; includeInIndex = 0; path = ComplexCollectionViewTests.xctest; sourceTree = BUILT_PRODUCTS_DIR; };
		82D0CBE729AFD2BF0033E683 /* ComplexCollectionViewTests.swift */ = {isa = PBXFileReference; lastKnownFileType = sourcecode.swift; path = ComplexCollectionViewTests.swift; sourceTree = "<group>"; };
		82D0CBED29AFD2BF0033E683 /* ComplexCollectionViewUITests.xctest */ = {isa = PBXFileReference; explicitFileType = wrapper.cfbundle; includeInIndex = 0; path = ComplexCollectionViewUITests.xctest; sourceTree = BUILT_PRODUCTS_DIR; };
		82D0CBF129AFD2BF0033E683 /* ComplexCollectionViewUITests.swift */ = {isa = PBXFileReference; lastKnownFileType = sourcecode.swift; path = ComplexCollectionViewUITests.swift; sourceTree = "<group>"; };
		82D0CBF329AFD2BF0033E683 /* ComplexCollectionViewUITestsLaunchTests.swift */ = {isa = PBXFileReference; lastKnownFileType = sourcecode.swift; path = ComplexCollectionViewUITestsLaunchTests.swift; sourceTree = "<group>"; };
		82D0CC0029AFD4430033E683 /* BiographyCVC.swift */ = {isa = PBXFileReference; lastKnownFileType = sourcecode.swift; path = BiographyCVC.swift; sourceTree = "<group>"; };
		82D0CC0129AFD4430033E683 /* BiographyCVC.xib */ = {isa = PBXFileReference; lastKnownFileType = file.xib; path = BiographyCVC.xib; sourceTree = "<group>"; };
		82D0CC0429AFD6900033E683 /* AboutInfoCell.swift */ = {isa = PBXFileReference; lastKnownFileType = sourcecode.swift; path = AboutInfoCell.swift; sourceTree = "<group>"; };
		82D0CC0529AFD6900033E683 /* AboutInfoCell.xib */ = {isa = PBXFileReference; lastKnownFileType = file.xib; path = AboutInfoCell.xib; sourceTree = "<group>"; };
		82D0CC0829AFDA030033E683 /* NestedCollectionCVC.swift */ = {isa = PBXFileReference; lastKnownFileType = sourcecode.swift; path = NestedCollectionCVC.swift; sourceTree = "<group>"; };
		82D0CC0929AFDA030033E683 /* NestedCollectionCVC.xib */ = {isa = PBXFileReference; lastKnownFileType = file.xib; path = NestedCollectionCVC.xib; sourceTree = "<group>"; };
/* End PBXFileReference section */

/* Begin PBXFrameworksBuildPhase section */
		82D0CBCA29AFD2BD0033E683 /* Frameworks */ = {
			isa = PBXFrameworksBuildPhase;
			buildActionMask = 2147483647;
			files = (
			);
			runOnlyForDeploymentPostprocessing = 0;
		};
		82D0CBE029AFD2BF0033E683 /* Frameworks */ = {
			isa = PBXFrameworksBuildPhase;
			buildActionMask = 2147483647;
			files = (
			);
			runOnlyForDeploymentPostprocessing = 0;
		};
		82D0CBEA29AFD2BF0033E683 /* Frameworks */ = {
			isa = PBXFrameworksBuildPhase;
			buildActionMask = 2147483647;
			files = (
			);
			runOnlyForDeploymentPostprocessing = 0;
		};
/* End PBXFrameworksBuildPhase section */

/* Begin PBXGroup section */
		824F5B3A29BC3A11005E25E4 /* Cells */ = {
			isa = PBXGroup;
			children = (
				82D0CC0029AFD4430033E683 /* BiographyCVC.swift */,
				82D0CC0129AFD4430033E683 /* BiographyCVC.xib */,
				82D0CC0429AFD6900033E683 /* AboutInfoCell.swift */,
				82D0CC0529AFD6900033E683 /* AboutInfoCell.xib */,
				82D0CC0829AFDA030033E683 /* NestedCollectionCVC.swift */,
				82D0CC0929AFDA030033E683 /* NestedCollectionCVC.xib */,
				824F5B3F29BC8F99005E25E4 /* SectionHeader.xib */,
				824F5B4529BD7DF0005E25E4 /* SectionHeader.swift */,
			);
			path = Cells;
			sourceTree = "<group>";
		};
		82D0CBC429AFD2BD0033E683 = {
			isa = PBXGroup;
			children = (
				82D0CBCF29AFD2BD0033E683 /* ComplexCollectionView */,
				82D0CBE629AFD2BF0033E683 /* ComplexCollectionViewTests */,
				82D0CBF029AFD2BF0033E683 /* ComplexCollectionViewUITests */,
				82D0CBCE29AFD2BD0033E683 /* Products */,
			);
			sourceTree = "<group>";
		};
		82D0CBCE29AFD2BD0033E683 /* Products */ = {
			isa = PBXGroup;
			children = (
				82D0CBCD29AFD2BD0033E683 /* ComplexCollectionView.app */,
				82D0CBE329AFD2BF0033E683 /* ComplexCollectionViewTests.xctest */,
				82D0CBED29AFD2BF0033E683 /* ComplexCollectionViewUITests.xctest */,
			);
			name = Products;
			sourceTree = "<group>";
		};
		82D0CBCF29AFD2BD0033E683 /* ComplexCollectionView */ = {
			isa = PBXGroup;
			children = (
				824F5B3A29BC3A11005E25E4 /* Cells */,
				82D0CBD029AFD2BD0033E683 /* AppDelegate.swift */,
				82D0CBD229AFD2BD0033E683 /* SceneDelegate.swift */,
				82D0CBD429AFD2BD0033E683 /* ViewController.swift */,
				82D0CBD629AFD2BD0033E683 /* Main.storyboard */,
				82D0CBD929AFD2BF0033E683 /* Assets.xcassets */,
				82D0CBDB29AFD2BF0033E683 /* LaunchScreen.storyboard */,
				82D0CBDE29AFD2BF0033E683 /* Info.plist */,
			);
			path = ComplexCollectionView;
			sourceTree = "<group>";
		};
		82D0CBE629AFD2BF0033E683 /* ComplexCollectionViewTests */ = {
			isa = PBXGroup;
			children = (
				82D0CBE729AFD2BF0033E683 /* ComplexCollectionViewTests.swift */,
			);
			path = ComplexCollectionViewTests;
			sourceTree = "<group>";
		};
		82D0CBF029AFD2BF0033E683 /* ComplexCollectionViewUITests */ = {
			isa = PBXGroup;
			children = (
				82D0CBF129AFD2BF0033E683 /* ComplexCollectionViewUITests.swift */,
				82D0CBF329AFD2BF0033E683 /* ComplexCollectionViewUITestsLaunchTests.swift */,
			);
			path = ComplexCollectionViewUITests;
			sourceTree = "<group>";
		};
/* End PBXGroup section */

/* Begin PBXNativeTarget section */
		82D0CBCC29AFD2BD0033E683 /* ComplexCollectionView */ = {
			isa = PBXNativeTarget;
			buildConfigurationList = 82D0CBF729AFD2BF0033E683 /* Build configuration list for PBXNativeTarget "ComplexCollectionView" */;
			buildPhases = (
				82D0CBC929AFD2BD0033E683 /* Sources */,
				82D0CBCA29AFD2BD0033E683 /* Frameworks */,
				82D0CBCB29AFD2BD0033E683 /* Resources */,
			);
			buildRules = (
			);
			dependencies = (
			);
			name = ComplexCollectionView;
			productName = ComplexCollectionView;
			productReference = 82D0CBCD29AFD2BD0033E683 /* ComplexCollectionView.app */;
			productType = "com.apple.product-type.application";
		};
		82D0CBE229AFD2BF0033E683 /* ComplexCollectionViewTests */ = {
			isa = PBXNativeTarget;
			buildConfigurationList = 82D0CBFA29AFD2BF0033E683 /* Build configuration list for PBXNativeTarget "ComplexCollectionViewTests" */;
			buildPhases = (
				82D0CBDF29AFD2BF0033E683 /* Sources */,
				82D0CBE029AFD2BF0033E683 /* Frameworks */,
				82D0CBE129AFD2BF0033E683 /* Resources */,
			);
			buildRules = (
			);
			dependencies = (
				82D0CBE529AFD2BF0033E683 /* PBXTargetDependency */,
			);
			name = ComplexCollectionViewTests;
			productName = ComplexCollectionViewTests;
			productReference = 82D0CBE329AFD2BF0033E683 /* ComplexCollectionViewTests.xctest */;
			productType = "com.apple.product-type.bundle.unit-test";
		};
		82D0CBEC29AFD2BF0033E683 /* ComplexCollectionViewUITests */ = {
			isa = PBXNativeTarget;
			buildConfigurationList = 82D0CBFD29AFD2BF0033E683 /* Build configuration list for PBXNativeTarget "ComplexCollectionViewUITests" */;
			buildPhases = (
				82D0CBE929AFD2BF0033E683 /* Sources */,
				82D0CBEA29AFD2BF0033E683 /* Frameworks */,
				82D0CBEB29AFD2BF0033E683 /* Resources */,
			);
			buildRules = (
			);
			dependencies = (
				82D0CBEF29AFD2BF0033E683 /* PBXTargetDependency */,
			);
			name = ComplexCollectionViewUITests;
			productName = ComplexCollectionViewUITests;
			productReference = 82D0CBED29AFD2BF0033E683 /* ComplexCollectionViewUITests.xctest */;
			productType = "com.apple.product-type.bundle.ui-testing";
		};
/* End PBXNativeTarget section */

/* Begin PBXProject section */
		82D0CBC529AFD2BD0033E683 /* Project object */ = {
			isa = PBXProject;
			attributes = {
				BuildIndependentTargetsInParallel = 1;
				LastSwiftUpdateCheck = 1340;
				LastUpgradeCheck = 1340;
				TargetAttributes = {
					82D0CBCC29AFD2BD0033E683 = {
						CreatedOnToolsVersion = 13.4.1;
					};
					82D0CBE229AFD2BF0033E683 = {
						CreatedOnToolsVersion = 13.4.1;
						TestTargetID = 82D0CBCC29AFD2BD0033E683;
					};
					82D0CBEC29AFD2BF0033E683 = {
						CreatedOnToolsVersion = 13.4.1;
						TestTargetID = 82D0CBCC29AFD2BD0033E683;
					};
				};
			};
			buildConfigurationList = 82D0CBC829AFD2BD0033E683 /* Build configuration list for PBXProject "ComplexCollectionView" */;
			compatibilityVersion = "Xcode 13.0";
			developmentRegion = en;
			hasScannedForEncodings = 0;
			knownRegions = (
				en,
				Base,
			);
			mainGroup = 82D0CBC429AFD2BD0033E683;
			productRefGroup = 82D0CBCE29AFD2BD0033E683 /* Products */;
			projectDirPath = "";
			projectRoot = "";
			targets = (
				82D0CBCC29AFD2BD0033E683 /* ComplexCollectionView */,
				82D0CBE229AFD2BF0033E683 /* ComplexCollectionViewTests */,
				82D0CBEC29AFD2BF0033E683 /* ComplexCollectionViewUITests */,
			);
		};
/* End PBXProject section */

/* Begin PBXResourcesBuildPhase section */
		82D0CBCB29AFD2BD0033E683 /* Resources */ = {
			isa = PBXResourcesBuildPhase;
			buildActionMask = 2147483647;
			files = (
				824F5B4029BC8F99005E25E4 /* SectionHeader.xib in Resources */,
				82D0CBDD29AFD2BF0033E683 /* LaunchScreen.storyboard in Resources */,
				82D0CC0729AFD6900033E683 /* AboutInfoCell.xib in Resources */,
				82D0CBDA29AFD2BF0033E683 /* Assets.xcassets in Resources */,
				82D0CC0329AFD4430033E683 /* BiographyCVC.xib in Resources */,
				82D0CBD829AFD2BD0033E683 /* Main.storyboard in Resources */,
				82D0CC0B29AFDA030033E683 /* NestedCollectionCVC.xib in Resources */,
			);
			runOnlyForDeploymentPostprocessing = 0;
		};
		82D0CBE129AFD2BF0033E683 /* Resources */ = {
			isa = PBXResourcesBuildPhase;
			buildActionMask = 2147483647;
			files = (
			);
			runOnlyForDeploymentPostprocessing = 0;
		};
		82D0CBEB29AFD2BF0033E683 /* Resources */ = {
			isa = PBXResourcesBuildPhase;
			buildActionMask = 2147483647;
			files = (
			);
			runOnlyForDeploymentPostprocessing = 0;
		};
/* End PBXResourcesBuildPhase section */

/* Begin PBXSourcesBuildPhase section */
		82D0CBC929AFD2BD0033E683 /* Sources */ = {
			isa = PBXSourcesBuildPhase;
			buildActionMask = 2147483647;
			files = (
				82D0CBD529AFD2BD0033E683 /* ViewController.swift in Sources */,
				82D0CBD129AFD2BD0033E683 /* AppDelegate.swift in Sources */,
				82D0CC0229AFD4430033E683 /* BiographyCVC.swift in Sources */,
				824F5B4629BD7DF0005E25E4 /* SectionHeader.swift in Sources */,
				82D0CC0629AFD6900033E683 /* AboutInfoCell.swift in Sources */,
				82D0CBD329AFD2BD0033E683 /* SceneDelegate.swift in Sources */,
				82D0CC0A29AFDA030033E683 /* NestedCollectionCVC.swift in Sources */,
			);
			runOnlyForDeploymentPostprocessing = 0;
		};
		82D0CBDF29AFD2BF0033E683 /* Sources */ = {
			isa = PBXSourcesBuildPhase;
			buildActionMask = 2147483647;
			files = (
				82D0CBE829AFD2BF0033E683 /* ComplexCollectionViewTests.swift in Sources */,
			);
			runOnlyForDeploymentPostprocessing = 0;
		};
		82D0CBE929AFD2BF0033E683 /* Sources */ = {
			isa = PBXSourcesBuildPhase;
			buildActionMask = 2147483647;
			files = (
				82D0CBF429AFD2BF0033E683 /* ComplexCollectionViewUITestsLaunchTests.swift in Sources */,
				82D0CBF229AFD2BF0033E683 /* ComplexCollectionViewUITests.swift in Sources */,
			);
			runOnlyForDeploymentPostprocessing = 0;
		};
/* End PBXSourcesBuildPhase section */

/* Begin PBXTargetDependency section */
		82D0CBE529AFD2BF0033E683 /* PBXTargetDependency */ = {
			isa = PBXTargetDependency;
			target = 82D0CBCC29AFD2BD0033E683 /* ComplexCollectionView */;
			targetProxy = 82D0CBE429AFD2BF0033E683 /* PBXContainerItemProxy */;
		};
		82D0CBEF29AFD2BF0033E683 /* PBXTargetDependency */ = {
			isa = PBXTargetDependency;
			target = 82D0CBCC29AFD2BD0033E683 /* ComplexCollectionView */;
			targetProxy = 82D0CBEE29AFD2BF0033E683 /* PBXContainerItemProxy */;
		};
/* End PBXTargetDependency section */

/* Begin PBXVariantGroup section */
		82D0CBD629AFD2BD0033E683 /* Main.storyboard */ = {
			isa = PBXVariantGroup;
			children = (
				82D0CBD729AFD2BD0033E683 /* Base */,
			);
			name = Main.storyboard;
			sourceTree = "<group>";
		};
		82D0CBDB29AFD2BF0033E683 /* LaunchScreen.storyboard */ = {
			isa = PBXVariantGroup;
			children = (
				82D0CBDC29AFD2BF0033E683 /* Base */,
			);
			name = LaunchScreen.storyboard;
			sourceTree = "<group>";
		};
/* End PBXVariantGroup section */

/* Begin XCBuildConfiguration section */
		82D0CBF529AFD2BF0033E683 /* Debug */ = {
			isa = XCBuildConfiguration;
			buildSettings = {
				ALWAYS_SEARCH_USER_PATHS = NO;
				CLANG_ANALYZER_NONNULL = YES;
				CLANG_ANALYZER_NUMBER_OBJECT_CONVERSION = YES_AGGRESSIVE;
				CLANG_CXX_LANGUAGE_STANDARD = "gnu++17";
				CLANG_ENABLE_MODULES = YES;
				CLANG_ENABLE_OBJC_ARC = YES;
				CLANG_ENABLE_OBJC_WEAK = YES;
				CLANG_WARN_BLOCK_CAPTURE_AUTORELEASING = YES;
				CLANG_WARN_BOOL_CONVERSION = YES;
				CLANG_WARN_COMMA = YES;
				CLANG_WARN_CONSTANT_CONVERSION = YES;
				CLANG_WARN_DEPRECATED_OBJC_IMPLEMENTATIONS = YES;
				CLANG_WARN_DIRECT_OBJC_ISA_USAGE = YES_ERROR;
				CLANG_WARN_DOCUMENTATION_COMMENTS = YES;
				CLANG_WARN_EMPTY_BODY = YES;
				CLANG_WARN_ENUM_CONVERSION = YES;
				CLANG_WARN_INFINITE_RECURSION = YES;
				CLANG_WARN_INT_CONVERSION = YES;
				CLANG_WARN_NON_LITERAL_NULL_CONVERSION = YES;
				CLANG_WARN_OBJC_IMPLICIT_RETAIN_SELF = YES;
				CLANG_WARN_OBJC_LITERAL_CONVERSION = YES;
				CLANG_WARN_OBJC_ROOT_CLASS = YES_ERROR;
				CLANG_WARN_QUOTED_INCLUDE_IN_FRAMEWORK_HEADER = YES;
				CLANG_WARN_RANGE_LOOP_ANALYSIS = YES;
				CLANG_WARN_STRICT_PROTOTYPES = YES;
				CLANG_WARN_SUSPICIOUS_MOVE = YES;
				CLANG_WARN_UNGUARDED_AVAILABILITY = YES_AGGRESSIVE;
				CLANG_WARN_UNREACHABLE_CODE = YES;
				CLANG_WARN__DUPLICATE_METHOD_MATCH = YES;
				COPY_PHASE_STRIP = NO;
				DEBUG_INFORMATION_FORMAT = dwarf;
				ENABLE_STRICT_OBJC_MSGSEND = YES;
				ENABLE_TESTABILITY = YES;
				GCC_C_LANGUAGE_STANDARD = gnu11;
				GCC_DYNAMIC_NO_PIC = NO;
				GCC_NO_COMMON_BLOCKS = YES;
				GCC_OPTIMIZATION_LEVEL = 0;
				GCC_PREPROCESSOR_DEFINITIONS = (
					"DEBUG=1",
					"$(inherited)",
				);
				GCC_WARN_64_TO_32_BIT_CONVERSION = YES;
				GCC_WARN_ABOUT_RETURN_TYPE = YES_ERROR;
				GCC_WARN_UNDECLARED_SELECTOR = YES;
				GCC_WARN_UNINITIALIZED_AUTOS = YES_AGGRESSIVE;
				GCC_WARN_UNUSED_FUNCTION = YES;
				GCC_WARN_UNUSED_VARIABLE = YES;
				IPHONEOS_DEPLOYMENT_TARGET = 15.5;
				MTL_ENABLE_DEBUG_INFO = INCLUDE_SOURCE;
				MTL_FAST_MATH = YES;
				ONLY_ACTIVE_ARCH = YES;
				SDKROOT = iphoneos;
				SWIFT_ACTIVE_COMPILATION_CONDITIONS = DEBUG;
				SWIFT_OPTIMIZATION_LEVEL = "-Onone";
			};
			name = Debug;
		};
		82D0CBF629AFD2BF0033E683 /* Release */ = {
			isa = XCBuildConfiguration;
			buildSettings = {
				ALWAYS_SEARCH_USER_PATHS = NO;
				CLANG_ANALYZER_NONNULL = YES;
				CLANG_ANALYZER_NUMBER_OBJECT_CONVERSION = YES_AGGRESSIVE;
				CLANG_CXX_LANGUAGE_STANDARD = "gnu++17";
				CLANG_ENABLE_MODULES = YES;
				CLANG_ENABLE_OBJC_ARC = YES;
				CLANG_ENABLE_OBJC_WEAK = YES;
				CLANG_WARN_BLOCK_CAPTURE_AUTORELEASING = YES;
				CLANG_WARN_BOOL_CONVERSION = YES;
				CLANG_WARN_COMMA = YES;
				CLANG_WARN_CONSTANT_CONVERSION = YES;
				CLANG_WARN_DEPRECATED_OBJC_IMPLEMENTATIONS = YES;
				CLANG_WARN_DIRECT_OBJC_ISA_USAGE = YES_ERROR;
				CLANG_WARN_DOCUMENTATION_COMMENTS = YES;
				CLANG_WARN_EMPTY_BODY = YES;
				CLANG_WARN_ENUM_CONVERSION = YES;
				CLANG_WARN_INFINITE_RECURSION = YES;
				CLANG_WARN_INT_CONVERSION = YES;
				CLANG_WARN_NON_LITERAL_NULL_CONVERSION = YES;
				CLANG_WARN_OBJC_IMPLICIT_RETAIN_SELF = YES;
				CLANG_WARN_OBJC_LITERAL_CONVERSION = YES;
				CLANG_WARN_OBJC_ROOT_CLASS = YES_ERROR;
				CLANG_WARN_QUOTED_INCLUDE_IN_FRAMEWORK_HEADER = YES;
				CLANG_WARN_RANGE_LOOP_ANALYSIS = YES;
				CLANG_WARN_STRICT_PROTOTYPES = YES;
				CLANG_WARN_SUSPICIOUS_MOVE = YES;
				CLANG_WARN_UNGUARDED_AVAILABILITY = YES_AGGRESSIVE;
				CLANG_WARN_UNREACHABLE_CODE = YES;
				CLANG_WARN__DUPLICATE_METHOD_MATCH = YES;
				COPY_PHASE_STRIP = NO;
				DEBUG_INFORMATION_FORMAT = "dwarf-with-dsym";
				ENABLE_NS_ASSERTIONS = NO;
				ENABLE_STRICT_OBJC_MSGSEND = YES;
				GCC_C_LANGUAGE_STANDARD = gnu11;
				GCC_NO_COMMON_BLOCKS = YES;
				GCC_WARN_64_TO_32_BIT_CONVERSION = YES;
				GCC_WARN_ABOUT_RETURN_TYPE = YES_ERROR;
				GCC_WARN_UNDECLARED_SELECTOR = YES;
				GCC_WARN_UNINITIALIZED_AUTOS = YES_AGGRESSIVE;
				GCC_WARN_UNUSED_FUNCTION = YES;
				GCC_WARN_UNUSED_VARIABLE = YES;
				IPHONEOS_DEPLOYMENT_TARGET = 15.5;
				MTL_ENABLE_DEBUG_INFO = NO;
				MTL_FAST_MATH = YES;
				SDKROOT = iphoneos;
				SWIFT_COMPILATION_MODE = wholemodule;
				SWIFT_OPTIMIZATION_LEVEL = "-O";
				VALIDATE_PRODUCT = YES;
			};
			name = Release;
		};
		82D0CBF829AFD2BF0033E683 /* Debug */ = {
			isa = XCBuildConfiguration;
			buildSettings = {
				ASSETCATALOG_COMPILER_APPICON_NAME = AppIcon;
				ASSETCATALOG_COMPILER_GLOBAL_ACCENT_COLOR_NAME = AccentColor;
				CODE_SIGN_STYLE = Automatic;
				CURRENT_PROJECT_VERSION = 1;
				DEVELOPMENT_TEAM = Q6GN2Y59NL;
				GENERATE_INFOPLIST_FILE = YES;
				INFOPLIST_FILE = ComplexCollectionView/Info.plist;
				INFOPLIST_KEY_UIApplicationSupportsIndirectInputEvents = YES;
				INFOPLIST_KEY_UILaunchStoryboardName = LaunchScreen;
				INFOPLIST_KEY_UIMainStoryboardFile = Main;
				INFOPLIST_KEY_UISupportedInterfaceOrientations_iPad = "UIInterfaceOrientationPortrait UIInterfaceOrientationPortraitUpsideDown UIInterfaceOrientationLandscapeLeft UIInterfaceOrientationLandscapeRight";
				INFOPLIST_KEY_UISupportedInterfaceOrientations_iPhone = "UIInterfaceOrientationPortrait UIInterfaceOrientationLandscapeLeft UIInterfaceOrientationLandscapeRight";
				LD_RUNPATH_SEARCH_PATHS = (
					"$(inherited)",
					"@executable_path/Frameworks",
				);
				MARKETING_VERSION = 1.0;
				PRODUCT_BUNDLE_IDENTIFIER = com.example.ComplexCollectionView;
				PRODUCT_NAME = "$(TARGET_NAME)";
				SWIFT_EMIT_LOC_STRINGS = YES;
				SWIFT_VERSION = 5.0;
				TARGETED_DEVICE_FAMILY = "1,2";
			};
			name = Debug;
		};
		82D0CBF929AFD2BF0033E683 /* Release */ = {
			isa = XCBuildConfiguration;
			buildSettings = {
				ASSETCATALOG_COMPILER_APPICON_NAME = AppIcon;
				ASSETCATALOG_COMPILER_GLOBAL_ACCENT_COLOR_NAME = AccentColor;
				CODE_SIGN_STYLE = Automatic;
				CURRENT_PROJECT_VERSION = 1;
				DEVELOPMENT_TEAM = Q6GN2Y59NL;
				GENERATE_INFOPLIST_FILE = YES;
				INFOPLIST_FILE = ComplexCollectionView/Info.plist;
				INFOPLIST_KEY_UIApplicationSupportsIndirectInputEvents = YES;
				INFOPLIST_KEY_UILaunchStoryboardName = LaunchScreen;
				INFOPLIST_KEY_UIMainStoryboardFile = Main;
				INFOPLIST_KEY_UISupportedInterfaceOrientations_iPad = "UIInterfaceOrientationPortrait UIInterfaceOrientationPortraitUpsideDown UIInterfaceOrientationLandscapeLeft UIInterfaceOrientationLandscapeRight";
				INFOPLIST_KEY_UISupportedInterfaceOrientations_iPhone = "UIInterfaceOrientationPortrait UIInterfaceOrientationLandscapeLeft UIInterfaceOrientationLandscapeRight";
				LD_RUNPATH_SEARCH_PATHS = (
					"$(inherited)",
					"@executable_path/Frameworks",
				);
				MARKETING_VERSION = 1.0;
				PRODUCT_BUNDLE_IDENTIFIER = com.example.ComplexCollectionView;
				PRODUCT_NAME = "$(TARGET_NAME)";
				SWIFT_EMIT_LOC_STRINGS = YES;
				SWIFT_VERSION = 5.0;
				TARGETED_DEVICE_FAMILY = "1,2";
			};
			name = Release;
		};
		82D0CBFB29AFD2BF0033E683 /* Debug */ = {
			isa = XCBuildConfiguration;
			buildSettings = {
				ALWAYS_EMBED_SWIFT_STANDARD_LIBRARIES = YES;
				BUNDLE_LOADER = "$(TEST_HOST)";
				CODE_SIGN_STYLE = Automatic;
				CURRENT_PROJECT_VERSION = 1;
				DEVELOPMENT_TEAM = Q6GN2Y59NL;
				GENERATE_INFOPLIST_FILE = YES;
				IPHONEOS_DEPLOYMENT_TARGET = 15.5;
				MARKETING_VERSION = 1.0;
				PRODUCT_BUNDLE_IDENTIFIER = com.example.ComplexCollectionViewTests;
				PRODUCT_NAME = "$(TARGET_NAME)";
				SWIFT_EMIT_LOC_STRINGS = NO;
				SWIFT_VERSION = 5.0;
				TARGETED_DEVICE_FAMILY = "1,2";
				TEST_HOST = "$(BUILT_PRODUCTS_DIR)/ComplexCollectionView.app/ComplexCollectionView";
			};
			name = Debug;
		};
		82D0CBFC29AFD2BF0033E683 /* Release */ = {
			isa = XCBuildConfiguration;
			buildSettings = {
				ALWAYS_EMBED_SWIFT_STANDARD_LIBRARIES = YES;
				BUNDLE_LOADER = "$(TEST_HOST)";
				CODE_SIGN_STYLE = Automatic;
				CURRENT_PROJECT_VERSION = 1;
				DEVELOPMENT_TEAM = Q6GN2Y59NL;
				GENERATE_INFOPLIST_FILE = YES;
				IPHONEOS_DEPLOYMENT_TARGET = 15.5;
				MARKETING_VERSION = 1.0;
				PRODUCT_BUNDLE_IDENTIFIER = com.example.ComplexCollectionViewTests;
				PRODUCT_NAME = "$(TARGET_NAME)";
				SWIFT_EMIT_LOC_STRINGS = NO;
				SWIFT_VERSION = 5.0;
				TARGETED_DEVICE_FAMILY = "1,2";
				TEST_HOST = "$(BUILT_PRODUCTS_DIR)/ComplexCollectionView.app/ComplexCollectionView";
			};
			name = Release;
		};
		82D0CBFE29AFD2BF0033E683 /* Debug */ = {
			isa = XCBuildConfiguration;
			buildSettings = {
				ALWAYS_EMBED_SWIFT_STANDARD_LIBRARIES = YES;
				CODE_SIGN_STYLE = Automatic;
				CURRENT_PROJECT_VERSION = 1;
				DEVELOPMENT_TEAM = Q6GN2Y59NL;
				GENERATE_INFOPLIST_FILE = YES;
				MARKETING_VERSION = 1.0;
				PRODUCT_BUNDLE_IDENTIFIER = com.example.ComplexCollectionViewUITests;
				PRODUCT_NAME = "$(TARGET_NAME)";
				SWIFT_EMIT_LOC_STRINGS = NO;
				SWIFT_VERSION = 5.0;
				TARGETED_DEVICE_FAMILY = "1,2";
				TEST_TARGET_NAME = ComplexCollectionView;
			};
			name = Debug;
		};
		82D0CBFF29AFD2BF0033E683 /* Release */ = {
			isa = XCBuildConfiguration;
			buildSettings = {
				ALWAYS_EMBED_SWIFT_STANDARD_LIBRARIES = YES;
				CODE_SIGN_STYLE = Automatic;
				CURRENT_PROJECT_VERSION = 1;
				DEVELOPMENT_TEAM = Q6GN2Y59NL;
				GENERATE_INFOPLIST_FILE = YES;
				MARKETING_VERSION = 1.0;
				PRODUCT_BUNDLE_IDENTIFIER = com.example.ComplexCollectionViewUITests;
				PRODUCT_NAME = "$(TARGET_NAME)";
				SWIFT_EMIT_LOC_STRINGS = NO;
				SWIFT_VERSION = 5.0;
				TARGETED_DEVICE_FAMILY = "1,2";
				TEST_TARGET_NAME = ComplexCollectionView;
			};
			name = Release;
		};
/* End XCBuildConfiguration section */

/* Begin XCConfigurationList section */
		82D0CBC829AFD2BD0033E683 /* Build configuration list for PBXProject "ComplexCollectionView" */ = {
			isa = XCConfigurationList;
			buildConfigurations = (
				82D0CBF529AFD2BF0033E683 /* Debug */,
				82D0CBF629AFD2BF0033E683 /* Release */,
			);
			defaultConfigurationIsVisible = 0;
			defaultConfigurationName = Release;
		};
		82D0CBF729AFD2BF0033E683 /* Build configuration list for PBXNativeTarget "ComplexCollectionView" */ = {
			isa = XCConfigurationList;
			buildConfigurations = (
				82D0CBF829AFD2BF0033E683 /* Debug */,
				82D0CBF929AFD2BF0033E683 /* Release */,
			);
			defaultConfigurationIsVisible = 0;
			defaultConfigurationName = Release;
		};
		82D0CBFA29AFD2BF0033E683 /* Build configuration list for PBXNativeTarget "ComplexCollectionViewTests" */ = {
			isa = XCConfigurationList;
			buildConfigurations = (
				82D0CBFB29AFD2BF0033E683 /* Debug */,
				82D0CBFC29AFD2BF0033E683 /* Release */,
			);
			defaultConfigurationIsVisible = 0;
			defaultConfigurationName = Release;
		};
		82D0CBFD29AFD2BF0033E683 /* Build configuration list for PBXNativeTarget "ComplexCollectionViewUITests" */ = {
			isa = XCConfigurationList;
			buildConfigurations = (
				82D0CBFE29AFD2BF0033E683 /* Debug */,
				82D0CBFF29AFD2BF0033E683 /* Release */,
			);
			defaultConfigurationIsVisible = 0;
			defaultConfigurationName = Release;
		};
/* End XCConfigurationList section */
	};
	rootObject = 82D0CBC529AFD2BD0033E683 /* Project object */;
}
